
Microsoft Visual Studio Solution File, Format Version 12.00
# Visual Studio Version 17
VisualStudioVersion = 17.7.34024.191
MinimumVisualStudioVersion = 10.0.40219.1
Project("{FAE04EC0-301F-11D3-BF4B-00C04F79EFBC}") = "szamolas", "szamolas\szamolas.csproj", "{344C37A4-DC34-42FA-A88E-9EB3F1537B8C}"
EndProject
Global
	GlobalSection(SolutionConfigurationPlatforms) = preSolution
		Debug|Any CPU = Debug|Any CPU
		Release|Any CPU = Release|Any CPU
	EndGlobalSection
	GlobalSection(ProjectConfigurationPlatforms) = postSolution
		{344C37A4-DC34-42FA-A88E-9EB3F1537B8C}.Debug|Any CPU.ActiveCfg = Debug|Any CPU
		{344C37A4-DC34-42FA-A88E-9EB3F1537B8C}.Debug|Any CPU.Build.0 = Debug|Any CPU
		{344C37A4-DC34-42FA-A88E-9EB3F1537B8C}.Release|Any CPU.ActiveCfg = Release|Any CPU
		{344C37A4-DC34-42FA-A88E-9EB3F1537B8C}.Release|Any CPU.Build.0 = Release|Any CPU
	EndGlobalSection
	GlobalSection(SolutionProperties) = preSolution
		HideSolutionNode = FALSE
	EndGlobalSection
	GlobalSection(ExtensibilityGlobals) = postSolution
		SolutionGuid = {4781581D-4E96-4DF3-90FA-A2347616B7CD}
	EndGlobalSection
EndGlobal
