
Microsoft Visual Studio Solution File, Format Version 12.00
# Visual Studio Version 17
VisualStudioVersion = 17.7.34024.191
MinimumVisualStudioVersion = 10.0.40219.1
Project("{FAE04EC0-301F-11D3-BF4B-00C04F79EFBC}") = "pitypang", "pitypang\pitypang.csproj", "{2E0A2187-4B1F-4E60-90A3-F988F32DC190}"
EndProject
Global
	GlobalSection(SolutionConfigurationPlatforms) = preSolution
		Debug|Any CPU = Debug|Any CPU
		Release|Any CPU = Release|Any CPU
	EndGlobalSection
	GlobalSection(ProjectConfigurationPlatforms) = postSolution
		{2E0A2187-4B1F-4E60-90A3-F988F32DC190}.Debug|Any CPU.ActiveCfg = Debug|Any CPU
		{2E0A2187-4B1F-4E60-90A3-F988F32DC190}.Debug|Any CPU.Build.0 = Debug|Any CPU
		{2E0A2187-4B1F-4E60-90A3-F988F32DC190}.Release|Any CPU.ActiveCfg = Release|Any CPU
		{2E0A2187-4B1F-4E60-90A3-F988F32DC190}.Release|Any CPU.Build.0 = Release|Any CPU
	EndGlobalSection
	GlobalSection(SolutionProperties) = preSolution
		HideSolutionNode = FALSE
	EndGlobalSection
	GlobalSection(ExtensibilityGlobals) = postSolution
		SolutionGuid = {CF3F03C5-F9E3-4427-952F-16154232450A}
	EndGlobalSection
EndGlobal
