
Microsoft Visual Studio Solution File, Format Version 12.00
# Visual Studio Version 17
VisualStudioVersion = 17.7.34024.191
MinimumVisualStudioVersion = 10.0.40219.1
Project("{FAE04EC0-301F-11D3-BF4B-00C04F79EFBC}") = "gyakolrals", "gyakolrals\gyakolrals.csproj", "{45C67BB0-D68A-4360-B198-D3B98F4389FF}"
EndProject
Global
	GlobalSection(SolutionConfigurationPlatforms) = preSolution
		Debug|Any CPU = Debug|Any CPU
		Release|Any CPU = Release|Any CPU
	EndGlobalSection
	GlobalSection(ProjectConfigurationPlatforms) = postSolution
		{45C67BB0-D68A-4360-B198-D3B98F4389FF}.Debug|Any CPU.ActiveCfg = Debug|Any CPU
		{45C67BB0-D68A-4360-B198-D3B98F4389FF}.Debug|Any CPU.Build.0 = Debug|Any CPU
		{45C67BB0-D68A-4360-B198-D3B98F4389FF}.Release|Any CPU.ActiveCfg = Release|Any CPU
		{45C67BB0-D68A-4360-B198-D3B98F4389FF}.Release|Any CPU.Build.0 = Release|Any CPU
	EndGlobalSection
	GlobalSection(SolutionProperties) = preSolution
		HideSolutionNode = FALSE
	EndGlobalSection
	GlobalSection(ExtensibilityGlobals) = postSolution
		SolutionGuid = {4F371E7A-59D6-4578-A4DD-4584FFE57938}
	EndGlobalSection
EndGlobal
