
Microsoft Visual Studio Solution File, Format Version 12.00
# Visual Studio Version 17
VisualStudioVersion = 17.7.34024.191
MinimumVisualStudioVersion = 10.0.40219.1
Project("{FAE04EC0-301F-11D3-BF4B-00C04F79EFBC}") = "karika", "karika\karika.csproj", "{F3F231C9-B4F8-43FA-8F05-D71B618FE248}"
EndProject
Global
	GlobalSection(SolutionConfigurationPlatforms) = preSolution
		Debug|Any CPU = Debug|Any CPU
		Release|Any CPU = Release|Any CPU
	EndGlobalSection
	GlobalSection(ProjectConfigurationPlatforms) = postSolution
		{F3F231C9-B4F8-43FA-8F05-D71B618FE248}.Debug|Any CPU.ActiveCfg = Debug|Any CPU
		{F3F231C9-B4F8-43FA-8F05-D71B618FE248}.Debug|Any CPU.Build.0 = Debug|Any CPU
		{F3F231C9-B4F8-43FA-8F05-D71B618FE248}.Release|Any CPU.ActiveCfg = Release|Any CPU
		{F3F231C9-B4F8-43FA-8F05-D71B618FE248}.Release|Any CPU.Build.0 = Release|Any CPU
	EndGlobalSection
	GlobalSection(SolutionProperties) = preSolution
		HideSolutionNode = FALSE
	EndGlobalSection
	GlobalSection(ExtensibilityGlobals) = postSolution
		SolutionGuid = {322532EA-D122-442E-B5CD-1243C27B66AD}
	EndGlobalSection
EndGlobal
