
Microsoft Visual Studio Solution File, Format Version 12.00
# Visual Studio Version 17
VisualStudioVersion = 17.7.34024.191
MinimumVisualStudioVersion = 10.0.40219.1
Project("{FAE04EC0-301F-11D3-BF4B-00C04F79EFBC}") = "tombok1", "tombok1\tombok1.csproj", "{DD142511-9443-4673-B4F2-78DFE3E3231D}"
EndProject
Global
	GlobalSection(SolutionConfigurationPlatforms) = preSolution
		Debug|Any CPU = Debug|Any CPU
		Release|Any CPU = Release|Any CPU
	EndGlobalSection
	GlobalSection(ProjectConfigurationPlatforms) = postSolution
		{DD142511-9443-4673-B4F2-78DFE3E3231D}.Debug|Any CPU.ActiveCfg = Debug|Any CPU
		{DD142511-9443-4673-B4F2-78DFE3E3231D}.Debug|Any CPU.Build.0 = Debug|Any CPU
		{DD142511-9443-4673-B4F2-78DFE3E3231D}.Release|Any CPU.ActiveCfg = Release|Any CPU
		{DD142511-9443-4673-B4F2-78DFE3E3231D}.Release|Any CPU.Build.0 = Release|Any CPU
	EndGlobalSection
	GlobalSection(SolutionProperties) = preSolution
		HideSolutionNode = FALSE
	EndGlobalSection
	GlobalSection(ExtensibilityGlobals) = postSolution
		SolutionGuid = {35320ECA-0204-4E5A-ABB6-55DA4F6EF777}
	EndGlobalSection
EndGlobal
