
Microsoft Visual Studio Solution File, Format Version 12.00
# Visual Studio Version 17
VisualStudioVersion = 17.7.34024.191
MinimumVisualStudioVersion = 10.0.40219.1
Project("{FAE04EC0-301F-11D3-BF4B-00C04F79EFBC}") = "fejvagyiras", "fejvagyiras\fejvagyiras.csproj", "{4DCD2277-F682-4C99-A807-1936A6D51399}"
EndProject
Global
	GlobalSection(SolutionConfigurationPlatforms) = preSolution
		Debug|Any CPU = Debug|Any CPU
		Release|Any CPU = Release|Any CPU
	EndGlobalSection
	GlobalSection(ProjectConfigurationPlatforms) = postSolution
		{4DCD2277-F682-4C99-A807-1936A6D51399}.Debug|Any CPU.ActiveCfg = Debug|Any CPU
		{4DCD2277-F682-4C99-A807-1936A6D51399}.Debug|Any CPU.Build.0 = Debug|Any CPU
		{4DCD2277-F682-4C99-A807-1936A6D51399}.Release|Any CPU.ActiveCfg = Release|Any CPU
		{4DCD2277-F682-4C99-A807-1936A6D51399}.Release|Any CPU.Build.0 = Release|Any CPU
	EndGlobalSection
	GlobalSection(SolutionProperties) = preSolution
		HideSolutionNode = FALSE
	EndGlobalSection
	GlobalSection(ExtensibilityGlobals) = postSolution
		SolutionGuid = {DF4D142D-A3C4-464D-AA1B-EE50A86E2C62}
	EndGlobalSection
EndGlobal
